{
  "name": "palserver-gui",
  "version": "1.0.6",
  "lockfileVersion": 2,
  "requires": true,
  "packages": {
    "": {
      "name": "palserver-gui",
      "version": "1.0.6",
      "hasInstallScript": true,
      "dependencies": {
        "palserver-gui": "file:"
      }
    },
    "node_modules/palserver-gui": {
      "resolved": "",
      "link": true
    }
  },
  "dependencies": {
    "palserver-gui": {
      "version": "file:",
      "requires": {
        "palserver-gui": "file:"
      }
    }
  }
}
